dependencies:
  espressif/cmake_utilities:
    component_hash: 351350613ceafba240b761b4ea991e0f231ac7a9f59a9ee901f751bddc0bb18f
    source:
      service_url: https://api.components.espressif.com/
      type: service
    version: 0.5.3
  espressif/esp_jpeg:
    component_hash: 257714f4bd0d8258a122d57715e6ba166de858d6d49d5fb8e70263d5069d8568
    source:
      service_url: https://api.components.espressif.com/
      type: service
    version: 1.0.5~2
  espressif/lightbulb_driver:
    component_hash: 7fd5f05a0631f6426f32ad4871c95b6d895e8e1b7bf230b2cc4eea439168aad9
    source:
      service_url: https://api.components.espressif.com/
      type: service
    version: 1.1.2
  idf:
    component_hash: null
    source:
      type: idf
    version: 5.1.2
manifest_hash: ad0974b62ae091b058a8d2c105747c473b9738aa918ee6acea9f8547be453c5b
target: esp32c2
version: 1.0.0
